// !$*UTF8*$!
{
	archiveVersion = 1;
	classes = {
	};
	objectVersion = 50;
	objects = {

/* Begin PBXBuildFile section */
		865513802486FCED00D9014A /* AppDelegate.swift in Sources */ = {isa = PBXBuildFile; fileRef = 8655137F2486FCED00D9014A /* AppDelegate.swift */; };
		865513822486FCED00D9014A /* SceneDelegate.swift in Sources */ = {isa = PBXBuildFile; fileRef = 865513812486FCED00D9014A /* SceneDelegate.swift */; };
		865513842486FCED00D9014A /* ViewController.swift in Sources */ = {isa = PBXBuildFile; fileRef = 865513832486FCED00D9014A /* ViewController.swift */; };
		865513872486FCED00D9014A /* Main.storyboard in Resources */ = {isa = PBXBuildFile; fileRef = 865513852486FCED00D9014A /* Main.storyboard */; };
		8655138A2486FCED00D9014A /* Currency_converter.xcdatamodeld in Sources */ = {isa = PBXBuildFile; fileRef = 865513882486FCED00D9014A /* Currency_converter.xcdatamodeld */; };
		8655138C2486FCF300D9014A /* Assets.xcassets in Resources */ = {isa = PBXBuildFile; fileRef = 8655138B2486FCF300D9014A /* Assets.xcassets */; };
		8655138F2486FCF300D9014A /* LaunchScreen.storyboard in Resources */ = {isa = PBXBuildFile; fileRef = 8655138D2486FCF300D9014A /* LaunchScreen.storyboard */; };
/* End PBXBuildFile section */

/* Begin PBXFileReference section */
		8655137C2486FCED00D9014A /* Currency_converter.app */ = {isa = PBXFileReference; explicitFileType = wrapper.application; includeInIndex = 0; path = Currency_converter.app; sourceTree = BUILT_PRODUCTS_DIR; };
		8655137F2486FCED00D9014A /* AppDelegate.swift */ = {isa = PBXFileReference; lastKnownFileType = sourcecode.swift; path = AppDelegate.swift; sourceTree = "<group>"; };
		865513812486FCED00D9014A /* SceneDelegate.swift */ = {isa = PBXFileReference; lastKnownFileType = sourcecode.swift; path = SceneDelegate.swift; sourceTree = "<group>"; };
		865513832486FCED00D9014A /* ViewController.swift */ = {isa = PBXFileReference; lastKnownFileType = sourcecode.swift; path = ViewController.swift; sourceTree = "<group>"; };
		865513862486FCED00D9014A /* Base */ = {isa = PBXFileReference; lastKnownFileType = file.storyboard; name = Base; path = Base.lproj/Main.storyboard; sourceTree = "<group>"; };
		865513892486FCED00D9014A /* Currency_converter.xcdatamodel */ = {isa = PBXFileReference; lastKnownFileType = wrapper.xcdatamodel; path = Currency_converter.xcdatamodel; sourceTree = "<group>"; };
		8655138B2486FCF300D9014A /* Assets.xcassets */ = {isa = PBXFileReference; lastKnownFileType = folder.assetcatalog; path = Assets.xcassets; sourceTree = "<group>"; };
		8655138E2486FCF300D9014A /* Base */ = {isa = PBXFileReference; lastKnownFileType = file.storyboard; name = Base; path = Base.lproj/LaunchScreen.storyboard; sourceTree = "<group>"; };
		865513902486FCF300D9014A /* Info.plist */ = {isa = PBXFileReference; lastKnownFileType = text.plist.xml; path = Info.plist; sourceTree = "<group>"; };
/* End PBXFileReference section */

/* Begin PBXFrameworksBuildPhase section */
		865513792486FCEC00D9014A /* Frameworks */ = {
			isa = PBXFrameworksBuildPhase;
			buildActionMask = 2147483647;
			files = (
			);
			runOnlyForDeploymentPostprocessing = 0;
		};
/* End PBXFrameworksBuildPhase section */

/* Begin PBXGroup section */
		865513732486FCEC00D9014A = {
			isa = PBXGroup;
			children = (
				8655137E2486FCED00D9014A /* Currency_converter */,
				8655137D2486FCED00D9014A /* Products */,
			);
			sourceTree = "<group>";
		};
		8655137D2486FCED00D9014A /* Products */ = {
			isa = PBXGroup;
			children = (
				8655137C2486FCED00D9014A /* Currency_converter.app */,
			);
			name = Products;
			sourceTree = "<group>";
		};
		8655137E2486FCED00D9014A /* Currency_converter */ = {
			isa = PBXGroup;
			children = (
				8655137F2486FCED00D9014A /* AppDelegate.swift */,
				865513812486FCED00D9014A /* SceneDelegate.swift */,
				865513832486FCED00D9014A /* ViewController.swift */,
				865513852486FCED00D9014A /* Main.storyboard */,
				8655138B2486FCF300D9014A /* Assets.xcassets */,
				8655138D2486FCF300D9014A /* LaunchScreen.storyboard */,
				865513902486FCF300D9014A /* Info.plist */,
				865513882486FCED00D9014A /* Currency_converter.xcdatamodeld */,
			);
			path = Currency_converter;
			sourceTree = "<group>";
		};
/* End PBXGroup section */

/* Begin PBXNativeTarget section */
		8655137B2486FCEC00D9014A /* Currency_converter */ = {
			isa = PBXNativeTarget;
			buildConfigurationList = 865513932486FCF300D9014A /* Build configuration list for PBXNativeTarget "Currency_converter" */;
			buildPhases = (
				865513782486FCEC00D9014A /* Sources */,
				865513792486FCEC00D9014A /* Frameworks */,
				8655137A2486FCEC00D9014A /* Resources */,
			);
			buildRules = (
			);
			dependencies = (
			);
			name = Currency_converter;
			productName = Currency_converter;
			productReference = 8655137C2486FCED00D9014A /* Currency_converter.app */;
			productType = "com.apple.product-type.application";
		};
/* End PBXNativeTarget section */

/* Begin PBXProject section */
		865513742486FCEC00D9014A /* Project object */ = {
			isa = PBXProject;
			attributes = {
				LastSwiftUpdateCheck = 1150;
				LastUpgradeCheck = 1150;
				ORGANIZATIONNAME = "Егор Тарасов";
				TargetAttributes = {
					8655137B2486FCEC00D9014A = {
						CreatedOnToolsVersion = 11.5;
					};
				};
			};
			buildConfigurationList = 865513772486FCEC00D9014A /* Build configuration list for PBXProject "Currency_converter" */;
			compatibilityVersion = "Xcode 9.3";
			developmentRegion = en;
			hasScannedForEncodings = 0;
			knownRegions = (
				en,
				Base,
			);
			mainGroup = 865513732486FCEC00D9014A;
			productRefGroup = 8655137D2486FCED00D9014A /* Products */;
			projectDirPath = "";
			projectRoot = "";
			targets = (
				8655137B2486FCEC00D9014A /* Currency_converter */,
			);
		};
/* End PBXProject section */

/* Begin PBXResourcesBuildPhase section */
		8655137A2486FCEC00D9014A /* Resources */ = {
			isa = PBXResourcesBuildPhase;
			buildActionMask = 2147483647;
			files = (
				8655138F2486FCF300D9014A /* LaunchScreen.storyboard in Resources */,
				8655138C2486FCF300D9014A /* Assets.xcassets in Resources */,
				865513872486FCED00D9014A /* Main.storyboard in Resources */,
			);
			runOnlyForDeploymentPostprocessing = 0;
		};
/* End PBXResourcesBuildPhase section */

/* Begin PBXSourcesBuildPhase section */
		865513782486FCEC00D9014A /* Sources */ = {
			isa = PBXSourcesBuildPhase;
			buildActionMask = 2147483647;
			files = (
				865513842486FCED00D9014A /* ViewController.swift in Sources */,
				8655138A2486FCED00D9014A /* Currency_converter.xcdatamodeld in Sources */,
				865513802486FCED00D9014A /* AppDelegate.swift in Sources */,
				865513822486FCED00D9014A /* SceneDelegate.swift in Sources */,
			);
			runOnlyForDeploymentPostprocessing = 0;
		};
/* End PBXSourcesBuildPhase section */

/* Begin PBXVariantGroup section */
		865513852486FCED00D9014A /* Main.storyboard */ = {
			isa = PBXVariantGroup;
			children = (
				865513862486FCED00D9014A /* Base */,
			);
			name = Main.storyboard;
			sourceTree = "<group>";
		};
		8655138D2486FCF300D9014A /* LaunchScreen.storyboard */ = {
			isa = PBXVariantGroup;
			children = (
				8655138E2486FCF300D9014A /* Base */,
			);
			name = LaunchScreen.storyboard;
			sourceTree = "<group>";
		};
/* End PBXVariantGroup section */

/* Begin XCBuildConfiguration section */
		865513912486FCF300D9014A /* Debug */ = {
			isa = XCBuildConfiguration;
			buildSettings = {
				ALWAYS_SEARCH_USER_PATHS = NO;
				CLANG_ANALYZER_NONNULL = YES;
				CLANG_ANALYZER_NUMBER_OBJECT_CONVERSION = YES_AGGRESSIVE;
				CLANG_CXX_LANGUAGE_STANDARD = "gnu++14";
				CLANG_CXX_LIBRARY = "libc++";
				CLANG_ENABLE_MODULES = YES;
				CLANG_ENABLE_OBJC_ARC = YES;
				CLANG_ENABLE_OBJC_WEAK = YES;
				CLANG_WARN_BLOCK_CAPTURE_AUTORELEASING = YES;
				CLANG_WARN_BOOL_CONVERSION = YES;
				CLANG_WARN_COMMA = YES;
				CLANG_WARN_CONSTANT_CONVERSION = YES;
				CLANG_WARN_DEPRECATED_OBJC_IMPLEMENTATIONS = YES;
				CLANG_WARN_DIRECT_OBJC_ISA_USAGE = YES_ERROR;
				CLANG_WARN_DOCUMENTATION_COMMENTS = YES;
				CLANG_WARN_EMPTY_BODY = YES;
				CLANG_WARN_ENUM_CONVERSION = YES;
				CLANG_WARN_INFINITE_RECURSION = YES;
				CLANG_WARN_INT_CONVERSION = YES;
				CLANG_WARN_NON_LITERAL_NULL_CONVERSION = YES;
				CLANG_WARN_OBJC_IMPLICIT_RETAIN_SELF = YES;
				CLANG_WARN_OBJC_LITERAL_CONVERSION = YES;
				CLANG_WARN_OBJC_ROOT_CLASS = YES_ERROR;
				CLANG_WARN_RANGE_LOOP_ANALYSIS = YES;
				CLANG_WARN_STRICT_PROTOTYPES = YES;
				CLANG_WARN_SUSPICIOUS_MOVE = YES;
				CLANG_WARN_UNGUARDED_AVAILABILITY = YES_AGGRESSIVE;
				CLANG_WARN_UNREACHABLE_CODE = YES;
				CLANG_WARN__DUPLICATE_METHOD_MATCH = YES;
				COPY_PHASE_STRIP = NO;
				DEBUG_INFORMATION_FORMAT = dwarf;
				ENABLE_STRICT_OBJC_MSGSEND = YES;
				ENABLE_TESTABILITY = YES;
				GCC_C_LANGUAGE_STANDARD = gnu11;
				GCC_DYNAMIC_NO_PIC = NO;
				GCC_NO_COMMON_BLOCKS = YES;
				GCC_OPTIMIZATION_LEVEL = 0;
				GCC_PREPROCESSOR_DEFINITIONS = (
					"DEBUG=1",
					"$(inherited)",
				);
				GCC_WARN_64_TO_32_BIT_CONVERSION = YES;
				GCC_WARN_ABOUT_RETURN_TYPE = YES_ERROR;
				GCC_WARN_UNDECLARED_SELECTOR = YES;
				GCC_WARN_UNINITIALIZED_AUTOS = YES_AGGRESSIVE;
				GCC_WARN_UNUSED_FUNCTION = YES;
				GCC_WARN_UNUSED_VARIABLE = YES;
				IPHONEOS_DEPLOYMENT_TARGET = 13.5;
				MTL_ENABLE_DEBUG_INFO = INCLUDE_SOURCE;
				MTL_FAST_MATH = YES;
				ONLY_ACTIVE_ARCH = YES;
				SDKROOT = iphoneos;
				SWIFT_ACTIVE_COMPILATION_CONDITIONS = DEBUG;
				SWIFT_OPTIMIZATION_LEVEL = "-Onone";
			};
			name = Debug;
		};
		865513922486FCF300D9014A /* Release */ = {
			isa = XCBuildConfiguration;
			buildSettings = {
				ALWAYS_SEARCH_USER_PATHS = NO;
				CLANG_ANALYZER_NONNULL = YES;
				CLANG_ANALYZER_NUMBER_OBJECT_CONVERSION = YES_AGGRESSIVE;
				CLANG_CXX_LANGUAGE_STANDARD = "gnu++14";
				CLANG_CXX_LIBRARY = "libc++";
				CLANG_ENABLE_MODULES = YES;
				CLANG_ENABLE_OBJC_ARC = YES;
				CLANG_ENABLE_OBJC_WEAK = YES;
				CLANG_WARN_BLOCK_CAPTURE_AUTORELEASING = YES;
				CLANG_WARN_BOOL_CONVERSION = YES;
				CLANG_WARN_COMMA = YES;
				CLANG_WARN_CONSTANT_CONVERSION = YES;
				CLANG_WARN_DEPRECATED_OBJC_IMPLEMENTATIONS = YES;
				CLANG_WARN_DIRECT_OBJC_ISA_USAGE = YES_ERROR;
				CLANG_WARN_DOCUMENTATION_COMMENTS = YES;
				CLANG_WARN_EMPTY_BODY = YES;
				CLANG_WARN_ENUM_CONVERSION = YES;
				CLANG_WARN_INFINITE_RECURSION = YES;
				CLANG_WARN_INT_CONVERSION = YES;
				CLANG_WARN_NON_LITERAL_NULL_CONVERSION = YES;
				CLANG_WARN_OBJC_IMPLICIT_RETAIN_SELF = YES;
				CLANG_WARN_OBJC_LITERAL_CONVERSION = YES;
				CLANG_WARN_OBJC_ROOT_CLASS = YES_ERROR;
				CLANG_WARN_RANGE_LOOP_ANALYSIS = YES;
				CLANG_WARN_STRICT_PROTOTYPES = YES;
				CLANG_WARN_SUSPICIOUS_MOVE = YES;
				CLANG_WARN_UNGUARDED_AVAILABILITY = YES_AGGRESSIVE;
				CLANG_WARN_UNREACHABLE_CODE = YES;
				CLANG_WARN__DUPLICATE_METHOD_MATCH = YES;
				COPY_PHASE_STRIP = NO;
				DEBUG_INFORMATION_FORMAT = "dwarf-with-dsym";
				ENABLE_NS_ASSERTIONS = NO;
				ENABLE_STRICT_OBJC_MSGSEND = YES;
				GCC_C_LANGUAGE_STANDARD = gnu11;
				GCC_NO_COMMON_BLOCKS = YES;
				GCC_WARN_64_TO_32_BIT_CONVERSION = YES;
				GCC_WARN_ABOUT_RETURN_TYPE = YES_ERROR;
				GCC_WARN_UNDECLARED_SELECTOR = YES;
				GCC_WARN_UNINITIALIZED_AUTOS = YES_AGGRESSIVE;
				GCC_WARN_UNUSED_FUNCTION = YES;
				GCC_WARN_UNUSED_VARIABLE = YES;
				IPHONEOS_DEPLOYMENT_TARGET = 13.5;
				MTL_ENABLE_DEBUG_INFO = NO;
				MTL_FAST_MATH = YES;
				SDKROOT = iphoneos;
				SWIFT_COMPILATION_MODE = wholemodule;
				SWIFT_OPTIMIZATION_LEVEL = "-O";
				VALIDATE_PRODUCT = YES;
			};
			name = Release;
		};
		865513942486FCF300D9014A /* Debug */ = {
			isa = XCBuildConfiguration;
			buildSettings = {
				ASSETCATALOG_COMPILER_APPICON_NAME = AppIcon;
				CODE_SIGN_STYLE = Automatic;
				DEVELOPMENT_TEAM = 4ZMR47P37Z;
				INFOPLIST_FILE = Currency_converter/Info.plist;
				LD_RUNPATH_SEARCH_PATHS = (
					"$(inherited)",
					"@executable_path/Frameworks",
				);
				PRODUCT_BUNDLE_IDENTIFIER = "school-1517.Currency-converter";
				PRODUCT_NAME = "$(TARGET_NAME)";
				SWIFT_VERSION = 5.0;
				TARGETED_DEVICE_FAMILY = "1,2";
			};
			name = Debug;
		};
		865513952486FCF300D9014A /* Release */ = {
			isa = XCBuildConfiguration;
			buildSettings = {
				ASSETCATALOG_COMPILER_APPICON_NAME = AppIcon;
				CODE_SIGN_STYLE = Automatic;
				DEVELOPMENT_TEAM = 4ZMR47P37Z;
				INFOPLIST_FILE = Currency_converter/Info.plist;
				LD_RUNPATH_SEARCH_PATHS = (
					"$(inherited)",
					"@executable_path/Frameworks",
				);
				PRODUCT_BUNDLE_IDENTIFIER = "school-1517.Currency-converter";
				PRODUCT_NAME = "$(TARGET_NAME)";
				SWIFT_VERSION = 5.0;
				TARGETED_DEVICE_FAMILY = "1,2";
			};
			name = Release;
		};
/* End XCBuildConfiguration section */

/* Begin XCConfigurationList section */
		865513772486FCEC00D9014A /* Build configuration list for PBXProject "Currency_converter" */ = {
			isa = XCConfigurationList;
			buildConfigurations = (
				865513912486FCF300D9014A /* Debug */,
				865513922486FCF300D9014A /* Release */,
			);
			defaultConfigurationIsVisible = 0;
			defaultConfigurationName = Release;
		};
		865513932486FCF300D9014A /* Build configuration list for PBXNativeTarget "Currency_converter" */ = {
			isa = XCConfigurationList;
			buildConfigurations = (
				865513942486FCF300D9014A /* Debug */,
				865513952486FCF300D9014A /* Release */,
			);
			defaultConfigurationIsVisible = 0;
			defaultConfigurationName = Release;
		};
/* End XCConfigurationList section */

/* Begin XCVersionGroup section */
		865513882486FCED00D9014A /* Currency_converter.xcdatamodeld */ = {
			isa = XCVersionGroup;
			children = (
				865513892486FCED00D9014A /* Currency_converter.xcdatamodel */,
			);
			currentVersion = 865513892486FCED00D9014A /* Currency_converter.xcdatamodel */;
			path = Currency_converter.xcdatamodeld;
			sourceTree = "<group>";
			versionGroupType = wrapper.xcdatamodel;
		};
/* End XCVersionGroup section */
	};
	rootObject = 865513742486FCEC00D9014A /* Project object */;
}
